// !$*UTF8*$!
{
	archiveVersion = 1;
	classes = {
	};
	objectVersion = 56;
	objects = {

/* Begin PBXBuildFile section */
		DD87263D29DD476500812504 /* AppDelegate.swift in Sources */ = {isa = PBXBuildFile; fileRef = DD87263C29DD476500812504 /* AppDelegate.swift */; };
		DD87263F29DD476500812504 /* SceneDelegate.swift in Sources */ = {isa = PBXBuildFile; fileRef = DD87263E29DD476500812504 /* SceneDelegate.swift */; };
		DD87264129DD476500812504 /* ViewController.swift in Sources */ = {isa = PBXBuildFile; fileRef = DD87264029DD476500812504 /* ViewController.swift */; };
		DD87264429DD476500812504 /* Main.storyboard in Resources */ = {isa = PBXBuildFile; fileRef = DD87264229DD476500812504 /* Main.storyboard */; };
		DD87264729DD476500812504 /* iOSAcademy_CombineBasic.xcdatamodeld in Sources */ = {isa = PBXBuildFile; fileRef = DD87264529DD476500812504 /* iOSAcademy_CombineBasic.xcdatamodeld */; };
		DD87264929DD476700812504 /* Assets.xcassets in Resources */ = {isa = PBXBuildFile; fileRef = DD87264829DD476700812504 /* Assets.xcassets */; };
		DD87264C29DD476700812504 /* LaunchScreen.storyboard in Resources */ = {isa = PBXBuildFile; fileRef = DD87264A29DD476700812504 /* LaunchScreen.storyboard */; };
		DD87265429DD4DAF00812504 /* APICaller.swift in Sources */ = {isa = PBXBuildFile; fileRef = DD87265329DD4DAF00812504 /* APICaller.swift */; };
/* End PBXBuildFile section */

/* Begin PBXFileReference section */
		DD87263929DD476500812504 /* iOSAcademy.CombineBasic.app */ = {isa = PBXFileReference; explicitFileType = wrapper.application; includeInIndex = 0; path = iOSAcademy.CombineBasic.app; sourceTree = BUILT_PRODUCTS_DIR; };
		DD87263C29DD476500812504 /* AppDelegate.swift */ = {isa = PBXFileReference; lastKnownFileType = sourcecode.swift; path = AppDelegate.swift; sourceTree = "<group>"; };
		DD87263E29DD476500812504 /* SceneDelegate.swift */ = {isa = PBXFileReference; lastKnownFileType = sourcecode.swift; path = SceneDelegate.swift; sourceTree = "<group>"; };
		DD87264029DD476500812504 /* ViewController.swift */ = {isa = PBXFileReference; lastKnownFileType = sourcecode.swift; path = ViewController.swift; sourceTree = "<group>"; };
		DD87264329DD476500812504 /* Base */ = {isa = PBXFileReference; lastKnownFileType = file.storyboard; name = Base; path = Base.lproj/Main.storyboard; sourceTree = "<group>"; };
		DD87264629DD476500812504 /* iOSAcademy_CombineBasic.xcdatamodel */ = {isa = PBXFileReference; lastKnownFileType = wrapper.xcdatamodel; path = iOSAcademy_CombineBasic.xcdatamodel; sourceTree = "<group>"; };
		DD87264829DD476700812504 /* Assets.xcassets */ = {isa = PBXFileReference; lastKnownFileType = folder.assetcatalog; path = Assets.xcassets; sourceTree = "<group>"; };
		DD87264B29DD476700812504 /* Base */ = {isa = PBXFileReference; lastKnownFileType = file.storyboard; name = Base; path = Base.lproj/LaunchScreen.storyboard; sourceTree = "<group>"; };
		DD87264D29DD476700812504 /* Info.plist */ = {isa = PBXFileReference; lastKnownFileType = text.plist.xml; path = Info.plist; sourceTree = "<group>"; };
		DD87265329DD4DAF00812504 /* APICaller.swift */ = {isa = PBXFileReference; lastKnownFileType = sourcecode.swift; path = APICaller.swift; sourceTree = "<group>"; };
/* End PBXFileReference section */

/* Begin PBXFrameworksBuildPhase section */
		DD87263629DD476500812504 /* Frameworks */ = {
			isa = PBXFrameworksBuildPhase;
			buildActionMask = 2147483647;
			files = (
			);
			runOnlyForDeploymentPostprocessing = 0;
		};
/* End PBXFrameworksBuildPhase section */

/* Begin PBXGroup section */
		DD87263029DD476500812504 = {
			isa = PBXGroup;
			children = (
				DD87263B29DD476500812504 /* iOSAcademy.CombineBasic */,
				DD87263A29DD476500812504 /* Products */,
			);
			sourceTree = "<group>";
		};
		DD87263A29DD476500812504 /* Products */ = {
			isa = PBXGroup;
			children = (
				DD87263929DD476500812504 /* iOSAcademy.CombineBasic.app */,
			);
			name = Products;
			sourceTree = "<group>";
		};
		DD87263B29DD476500812504 /* iOSAcademy.CombineBasic */ = {
			isa = PBXGroup;
			children = (
				DD87263C29DD476500812504 /* AppDelegate.swift */,
				DD87263E29DD476500812504 /* SceneDelegate.swift */,
				DD87264029DD476500812504 /* ViewController.swift */,
				DD87264229DD476500812504 /* Main.storyboard */,
				DD87264829DD476700812504 /* Assets.xcassets */,
				DD87264A29DD476700812504 /* LaunchScreen.storyboard */,
				DD87264D29DD476700812504 /* Info.plist */,
				DD87264529DD476500812504 /* iOSAcademy_CombineBasic.xcdatamodeld */,
				DD87265329DD4DAF00812504 /* APICaller.swift */,
			);
			path = iOSAcademy.CombineBasic;
			sourceTree = "<group>";
		};
/* End PBXGroup section */

/* Begin PBXNativeTarget section */
		DD87263829DD476500812504 /* iOSAcademy.CombineBasic */ = {
			isa = PBXNativeTarget;
			buildConfigurationList = DD87265029DD476700812504 /* Build configuration list for PBXNativeTarget "iOSAcademy.CombineBasic" */;
			buildPhases = (
				DD87263529DD476500812504 /* Sources */,
				DD87263629DD476500812504 /* Frameworks */,
				DD87263729DD476500812504 /* Resources */,
			);
			buildRules = (
			);
			dependencies = (
			);
			name = iOSAcademy.CombineBasic;
			productName = iOSAcademy.CombineBasic;
			productReference = DD87263929DD476500812504 /* iOSAcademy.CombineBasic.app */;
			productType = "com.apple.product-type.application";
		};
/* End PBXNativeTarget section */

/* Begin PBXProject section */
		DD87263129DD476500812504 /* Project object */ = {
			isa = PBXProject;
			attributes = {
				BuildIndependentTargetsInParallel = 1;
				LastSwiftUpdateCheck = 1400;
				LastUpgradeCheck = 1400;
				TargetAttributes = {
					DD87263829DD476500812504 = {
						CreatedOnToolsVersion = 14.0;
					};
				};
			};
			buildConfigurationList = DD87263429DD476500812504 /* Build configuration list for PBXProject "iOSAcademy.CombineBasic" */;
			compatibilityVersion = "Xcode 14.0";
			developmentRegion = en;
			hasScannedForEncodings = 0;
			knownRegions = (
				en,
				Base,
			);
			mainGroup = DD87263029DD476500812504;
			productRefGroup = DD87263A29DD476500812504 /* Products */;
			projectDirPath = "";
			projectRoot = "";
			targets = (
				DD87263829DD476500812504 /* iOSAcademy.CombineBasic */,
			);
		};
/* End PBXProject section */

/* Begin PBXResourcesBuildPhase section */
		DD87263729DD476500812504 /* Resources */ = {
			isa = PBXResourcesBuildPhase;
			buildActionMask = 2147483647;
			files = (
				DD87264C29DD476700812504 /* LaunchScreen.storyboard in Resources */,
				DD87264929DD476700812504 /* Assets.xcassets in Resources */,
				DD87264429DD476500812504 /* Main.storyboard in Resources */,
			);
			runOnlyForDeploymentPostprocessing = 0;
		};
/* End PBXResourcesBuildPhase section */

/* Begin PBXSourcesBuildPhase section */
		DD87263529DD476500812504 /* Sources */ = {
			isa = PBXSourcesBuildPhase;
			buildActionMask = 2147483647;
			files = (
				DD87264129DD476500812504 /* ViewController.swift in Sources */,
				DD87264729DD476500812504 /* iOSAcademy_CombineBasic.xcdatamodeld in Sources */,
				DD87263D29DD476500812504 /* AppDelegate.swift in Sources */,
				DD87263F29DD476500812504 /* SceneDelegate.swift in Sources */,
				DD87265429DD4DAF00812504 /* APICaller.swift in Sources */,
			);
			runOnlyForDeploymentPostprocessing = 0;
		};
/* End PBXSourcesBuildPhase section */

/* Begin PBXVariantGroup section */
		DD87264229DD476500812504 /* Main.storyboard */ = {
			isa = PBXVariantGroup;
			children = (
				DD87264329DD476500812504 /* Base */,
			);
			name = Main.storyboard;
			sourceTree = "<group>";
		};
		DD87264A29DD476700812504 /* LaunchScreen.storyboard */ = {
			isa = PBXVariantGroup;
			children = (
				DD87264B29DD476700812504 /* Base */,
			);
			name = LaunchScreen.storyboard;
			sourceTree = "<group>";
		};
/* End PBXVariantGroup section */

/* Begin XCBuildConfiguration section */
		DD87264E29DD476700812504 /* Debug */ = {
			isa = XCBuildConfiguration;
			buildSettings = {
				ALWAYS_SEARCH_USER_PATHS = NO;
				CLANG_ANALYZER_NONNULL = YES;
				CLANG_ANALYZER_NUMBER_OBJECT_CONVERSION = YES_AGGRESSIVE;
				CLANG_CXX_LANGUAGE_STANDARD = "gnu++20";
				CLANG_ENABLE_MODULES = YES;
				CLANG_ENABLE_OBJC_ARC = YES;
				CLANG_ENABLE_OBJC_WEAK = YES;
				CLANG_WARN_BLOCK_CAPTURE_AUTORELEASING = YES;
				CLANG_WARN_BOOL_CONVERSION = YES;
				CLANG_WARN_COMMA = YES;
				CLANG_WARN_CONSTANT_CONVERSION = YES;
				CLANG_WARN_DEPRECATED_OBJC_IMPLEMENTATIONS = YES;
				CLANG_WARN_DIRECT_OBJC_ISA_USAGE = YES_ERROR;
				CLANG_WARN_DOCUMENTATION_COMMENTS = YES;
				CLANG_WARN_EMPTY_BODY = YES;
				CLANG_WARN_ENUM_CONVERSION = YES;
				CLANG_WARN_INFINITE_RECURSION = YES;
				CLANG_WARN_INT_CONVERSION = YES;
				CLANG_WARN_NON_LITERAL_NULL_CONVERSION = YES;
				CLANG_WARN_OBJC_IMPLICIT_RETAIN_SELF = YES;
				CLANG_WARN_OBJC_LITERAL_CONVERSION = YES;
				CLANG_WARN_OBJC_ROOT_CLASS = YES_ERROR;
				CLANG_WARN_QUOTED_INCLUDE_IN_FRAMEWORK_HEADER = YES;
				CLANG_WARN_RANGE_LOOP_ANALYSIS = YES;
				CLANG_WARN_STRICT_PROTOTYPES = YES;
				CLANG_WARN_SUSPICIOUS_MOVE = YES;
				CLANG_WARN_UNGUARDED_AVAILABILITY = YES_AGGRESSIVE;
				CLANG_WARN_UNREACHABLE_CODE = YES;
				CLANG_WARN__DUPLICATE_METHOD_MATCH = YES;
				COPY_PHASE_STRIP = NO;
				DEBUG_INFORMATION_FORMAT = dwarf;
				ENABLE_STRICT_OBJC_MSGSEND = YES;
				ENABLE_TESTABILITY = YES;
				GCC_C_LANGUAGE_STANDARD = gnu11;
				GCC_DYNAMIC_NO_PIC = NO;
				GCC_NO_COMMON_BLOCKS = YES;
				GCC_OPTIMIZATION_LEVEL = 0;
				GCC_PREPROCESSOR_DEFINITIONS = (
					"DEBUG=1",
					"$(inherited)",
				);
				GCC_WARN_64_TO_32_BIT_CONVERSION = YES;
				GCC_WARN_ABOUT_RETURN_TYPE = YES_ERROR;
				GCC_WARN_UNDECLARED_SELECTOR = YES;
				GCC_WARN_UNINITIALIZED_AUTOS = YES_AGGRESSIVE;
				GCC_WARN_UNUSED_FUNCTION = YES;
				GCC_WARN_UNUSED_VARIABLE = YES;
				IPHONEOS_DEPLOYMENT_TARGET = 16.0;
				MTL_ENABLE_DEBUG_INFO = INCLUDE_SOURCE;
				MTL_FAST_MATH = YES;
				ONLY_ACTIVE_ARCH = YES;
				SDKROOT = iphoneos;
				SWIFT_ACTIVE_COMPILATION_CONDITIONS = DEBUG;
				SWIFT_OPTIMIZATION_LEVEL = "-Onone";
			};
			name = Debug;
		};
		DD87264F29DD476700812504 /* Release */ = {
			isa = XCBuildConfiguration;
			buildSettings = {
				ALWAYS_SEARCH_USER_PATHS = NO;
				CLANG_ANALYZER_NONNULL = YES;
				CLANG_ANALYZER_NUMBER_OBJECT_CONVERSION = YES_AGGRESSIVE;
				CLANG_CXX_LANGUAGE_STANDARD = "gnu++20";
				CLANG_ENABLE_MODULES = YES;
				CLANG_ENABLE_OBJC_ARC = YES;
				CLANG_ENABLE_OBJC_WEAK = YES;
				CLANG_WARN_BLOCK_CAPTURE_AUTORELEASING = YES;
				CLANG_WARN_BOOL_CONVERSION = YES;
				CLANG_WARN_COMMA = YES;
				CLANG_WARN_CONSTANT_CONVERSION = YES;
				CLANG_WARN_DEPRECATED_OBJC_IMPLEMENTATIONS = YES;
				CLANG_WARN_DIRECT_OBJC_ISA_USAGE = YES_ERROR;
				CLANG_WARN_DOCUMENTATION_COMMENTS = YES;
				CLANG_WARN_EMPTY_BODY = YES;
				CLANG_WARN_ENUM_CONVERSION = YES;
				CLANG_WARN_INFINITE_RECURSION = YES;
				CLANG_WARN_INT_CONVERSION = YES;
				CLANG_WARN_NON_LITERAL_NULL_CONVERSION = YES;
				CLANG_WARN_OBJC_IMPLICIT_RETAIN_SELF = YES;
				CLANG_WARN_OBJC_LITERAL_CONVERSION = YES;
				CLANG_WARN_OBJC_ROOT_CLASS = YES_ERROR;
				CLANG_WARN_QUOTED_INCLUDE_IN_FRAMEWORK_HEADER = YES;
				CLANG_WARN_RANGE_LOOP_ANALYSIS = YES;
				CLANG_WARN_STRICT_PROTOTYPES = YES;
				CLANG_WARN_SUSPICIOUS_MOVE = YES;
				CLANG_WARN_UNGUARDED_AVAILABILITY = YES_AGGRESSIVE;
				CLANG_WARN_UNREACHABLE_CODE = YES;
				CLANG_WARN__DUPLICATE_METHOD_MATCH = YES;
				COPY_PHASE_STRIP = NO;
				DEBUG_INFORMATION_FORMAT = "dwarf-with-dsym";
				ENABLE_NS_ASSERTIONS = NO;
				ENABLE_STRICT_OBJC_MSGSEND = YES;
				GCC_C_LANGUAGE_STANDARD = gnu11;
				GCC_NO_COMMON_BLOCKS = YES;
				GCC_WARN_64_TO_32_BIT_CONVERSION = YES;
				GCC_WARN_ABOUT_RETURN_TYPE = YES_ERROR;
				GCC_WARN_UNDECLARED_SELECTOR = YES;
				GCC_WARN_UNINITIALIZED_AUTOS = YES_AGGRESSIVE;
				GCC_WARN_UNUSED_FUNCTION = YES;
				GCC_WARN_UNUSED_VARIABLE = YES;
				IPHONEOS_DEPLOYMENT_TARGET = 16.0;
				MTL_ENABLE_DEBUG_INFO = NO;
				MTL_FAST_MATH = YES;
				SDKROOT = iphoneos;
				SWIFT_COMPILATION_MODE = wholemodule;
				SWIFT_OPTIMIZATION_LEVEL = "-O";
				VALIDATE_PRODUCT = YES;
			};
			name = Release;
		};
		DD87265129DD476700812504 /* Debug */ = {
			isa = XCBuildConfiguration;
			buildSettings = {
				ASSETCATALOG_COMPILER_APPICON_NAME = AppIcon;
				ASSETCATALOG_COMPILER_GLOBAL_ACCENT_COLOR_NAME = AccentColor;
				CODE_SIGN_STYLE = Automatic;
				CURRENT_PROJECT_VERSION = 1;
				DEVELOPMENT_TEAM = WGV47WB79A;
				GENERATE_INFOPLIST_FILE = YES;
				INFOPLIST_FILE = iOSAcademy.CombineBasic/Info.plist;
				INFOPLIST_KEY_CFBundleDisplayName = CombineBasic;
				INFOPLIST_KEY_UIApplicationSupportsIndirectInputEvents = YES;
				INFOPLIST_KEY_UILaunchStoryboardName = LaunchScreen;
				INFOPLIST_KEY_UIMainStoryboardFile = Main;
				INFOPLIST_KEY_UISupportedInterfaceOrientations_iPad = "UIInterfaceOrientationPortrait UIInterfaceOrientationPortraitUpsideDown UIInterfaceOrientationLandscapeLeft UIInterfaceOrientationLandscapeRight";
				INFOPLIST_KEY_UISupportedInterfaceOrientations_iPhone = "UIInterfaceOrientationPortrait UIInterfaceOrientationLandscapeLeft UIInterfaceOrientationLandscapeRight";
				LD_RUNPATH_SEARCH_PATHS = (
					"$(inherited)",
					"@executable_path/Frameworks",
				);
				MARKETING_VERSION = 1.0;
				PRODUCT_BUNDLE_IDENTIFIER = "com.gmail.iOSAcademy-CombineBasic";
				PRODUCT_NAME = "$(TARGET_NAME)";
				SWIFT_EMIT_LOC_STRINGS = YES;
				SWIFT_VERSION = 5.0;
				TARGETED_DEVICE_FAMILY = "1,2";
			};
			name = Debug;
		};
		DD87265229DD476700812504 /* Release */ = {
			isa = XCBuildConfiguration;
			buildSettings = {
				ASSETCATALOG_COMPILER_APPICON_NAME = AppIcon;
				ASSETCATALOG_COMPILER_GLOBAL_ACCENT_COLOR_NAME = AccentColor;
				CODE_SIGN_STYLE = Automatic;
				CURRENT_PROJECT_VERSION = 1;
				DEVELOPMENT_TEAM = WGV47WB79A;
				GENERATE_INFOPLIST_FILE = YES;
				INFOPLIST_FILE = iOSAcademy.CombineBasic/Info.plist;
				INFOPLIST_KEY_CFBundleDisplayName = CombineBasic;
				INFOPLIST_KEY_UIApplicationSupportsIndirectInputEvents = YES;
				INFOPLIST_KEY_UILaunchStoryboardName = LaunchScreen;
				INFOPLIST_KEY_UIMainStoryboardFile = Main;
				INFOPLIST_KEY_UISupportedInterfaceOrientations_iPad = "UIInterfaceOrientationPortrait UIInterfaceOrientationPortraitUpsideDown UIInterfaceOrientationLandscapeLeft UIInterfaceOrientationLandscapeRight";
				INFOPLIST_KEY_UISupportedInterfaceOrientations_iPhone = "UIInterfaceOrientationPortrait UIInterfaceOrientationLandscapeLeft UIInterfaceOrientationLandscapeRight";
				LD_RUNPATH_SEARCH_PATHS = (
					"$(inherited)",
					"@executable_path/Frameworks",
				);
				MARKETING_VERSION = 1.0;
				PRODUCT_BUNDLE_IDENTIFIER = "com.gmail.iOSAcademy-CombineBasic";
				PRODUCT_NAME = "$(TARGET_NAME)";
				SWIFT_EMIT_LOC_STRINGS = YES;
				SWIFT_VERSION = 5.0;
				TARGETED_DEVICE_FAMILY = "1,2";
			};
			name = Release;
		};
/* End XCBuildConfiguration section */

/* Begin XCConfigurationList section */
		DD87263429DD476500812504 /* Build configuration list for PBXProject "iOSAcademy.CombineBasic" */ = {
			isa = XCConfigurationList;
			buildConfigurations = (
				DD87264E29DD476700812504 /* Debug */,
				DD87264F29DD476700812504 /* Release */,
			);
			defaultConfigurationIsVisible = 0;
			defaultConfigurationName = Release;
		};
		DD87265029DD476700812504 /* Build configuration list for PBXNativeTarget "iOSAcademy.CombineBasic" */ = {
			isa = XCConfigurationList;
			buildConfigurations = (
				DD87265129DD476700812504 /* Debug */,
				DD87265229DD476700812504 /* Release */,
			);
			defaultConfigurationIsVisible = 0;
			defaultConfigurationName = Release;
		};
/* End XCConfigurationList section */

/* Begin XCVersionGroup section */
		DD87264529DD476500812504 /* iOSAcademy_CombineBasic.xcdatamodeld */ = {
			isa = XCVersionGroup;
			children = (
				DD87264629DD476500812504 /* iOSAcademy_CombineBasic.xcdatamodel */,
			);
			currentVersion = DD87264629DD476500812504 /* iOSAcademy_CombineBasic.xcdatamodel */;
			path = iOSAcademy_CombineBasic.xcdatamodeld;
			sourceTree = "<group>";
			versionGroupType = wrapper.xcdatamodel;
		};
/* End XCVersionGroup section */
	};
	rootObject = DD87263129DD476500812504 /* Project object */;
}
